// !$*UTF8*$!
{
	archiveVersion = 1;
	classes = {
	};
	objectVersion = 46;
	objects = {

/* Begin PBXBuildFile section */
		C2830AF81F6787CA00DAB89D /* main.m in Sources */ = {isa = PBXBuildFile; fileRef = C2830AF71F6787CA00DAB89D /* main.m */; };
		C2830AFB1F6787CA00DAB89D /* AppDelegate.m in Sources */ = {isa = PBXBuildFile; fileRef = C2830AFA1F6787CA00DAB89D /* AppDelegate.m */; };
		C2830AFE1F6787CA00DAB89D /* ViewController.m in Sources */ = {isa = PBXBuildFile; fileRef = C2830AFD1F6787CA00DAB89D /* ViewController.m */; };
		C2830B011F6787CA00DAB89D /* Main.storyboard in Resources */ = {isa = PBXBuildFile; fileRef = C2830AFF1F6787CA00DAB89D /* Main.storyboard */; };
		C2830B031F6787CA00DAB89D /* Assets.xcassets in Resources */ = {isa = PBXBuildFile; fileRef = C2830B021F6787CA00DAB89D /* Assets.xcassets */; };
		C2830B061F6787CA00DAB89D /* LaunchScreen.storyboard in Resources */ = {isa = PBXBuildFile; fileRef = C2830B041F6787CA00DAB89D /* LaunchScreen.storyboard */; };
/* End PBXBuildFile section */

/* Begin PBXFileReference section */
		C2830AF31F6787CA00DAB89D /* KNHeadTensile.app */ = {isa = PBXFileReference; explicitFileType = wrapper.application; includeInIndex = 0; path = KNHeadTensile.app; sourceTree = BUILT_PRODUCTS_DIR; };
		C2830AF71F6787CA00DAB89D /* main.m */ = {isa = PBXFileReference; lastKnownFileType = sourcecode.c.objc; path = main.m; sourceTree = "<group>"; };
		C2830AF91F6787CA00DAB89D /* AppDelegate.h */ = {isa = PBXFileReference; lastKnownFileType = sourcecode.c.h; path = AppDelegate.h; sourceTree = "<group>"; };
		C2830AFA1F6787CA00DAB89D /* AppDelegate.m */ = {isa = PBXFileReference; lastKnownFileType = sourcecode.c.objc; path = AppDelegate.m; sourceTree = "<group>"; };
		C2830AFC1F6787CA00DAB89D /* ViewController.h */ = {isa = PBXFileReference; lastKnownFileType = sourcecode.c.h; path = ViewController.h; sourceTree = "<group>"; };
		C2830AFD1F6787CA00DAB89D /* ViewController.m */ = {isa = PBXFileReference; lastKnownFileType = sourcecode.c.objc; path = ViewController.m; sourceTree = "<group>"; };
		C2830B001F6787CA00DAB89D /* Base */ = {isa = PBXFileReference; lastKnownFileType = file.storyboard; name = Base; path = Base.lproj/Main.storyboard; sourceTree = "<group>"; };
		C2830B021F6787CA00DAB89D /* Assets.xcassets */ = {isa = PBXFileReference; lastKnownFileType = folder.assetcatalog; path = Assets.xcassets; sourceTree = "<group>"; };
		C2830B051F6787CA00DAB89D /* Base */ = {isa = PBXFileReference; lastKnownFileType = file.storyboard; name = Base; path = Base.lproj/LaunchScreen.storyboard; sourceTree = "<group>"; };
		C2830B071F6787CA00DAB89D /* Info.plist */ = {isa = PBXFileReference; lastKnownFileType = text.plist.xml; path = Info.plist; sourceTree = "<group>"; };
/* End PBXFileReference section */

/* Begin PBXFrameworksBuildPhase section */
		C2830AF01F6787C900DAB89D /* Frameworks */ = {
			isa = PBXFrameworksBuildPhase;
			buildActionMask = 2147483647;
			files = (
			);
			runOnlyForDeploymentPostprocessing = 0;
		};
/* End PBXFrameworksBuildPhase section */

/* Begin PBXGroup section */
		C2830AEA1F6787C900DAB89D = {
			isa = PBXGroup;
			children = (
				C2830AF51F6787CA00DAB89D /* KNHeadTensile */,
				C2830AF41F6787CA00DAB89D /* Products */,
			);
			sourceTree = "<group>";
		};
		C2830AF41F6787CA00DAB89D /* Products */ = {
			isa = PBXGroup;
			children = (
				C2830AF31F6787CA00DAB89D /* KNHeadTensile.app */,
			);
			name = Products;
			sourceTree = "<group>";
		};
		C2830AF51F6787CA00DAB89D /* KNHeadTensile */ = {
			isa = PBXGroup;
			children = (
				C2830AF91F6787CA00DAB89D /* AppDelegate.h */,
				C2830AFA1F6787CA00DAB89D /* AppDelegate.m */,
				C2830AFC1F6787CA00DAB89D /* ViewController.h */,
				C2830AFD1F6787CA00DAB89D /* ViewController.m */,
				C2830AFF1F6787CA00DAB89D /* Main.storyboard */,
				C2830B021F6787CA00DAB89D /* Assets.xcassets */,
				C2830B041F6787CA00DAB89D /* LaunchScreen.storyboard */,
				C2830B071F6787CA00DAB89D /* Info.plist */,
				C2830AF61F6787CA00DAB89D /* Supporting Files */,
			);
			path = KNHeadTensile;
			sourceTree = "<group>";
		};
		C2830AF61F6787CA00DAB89D /* Supporting Files */ = {
			isa = PBXGroup;
			children = (
				C2830AF71F6787CA00DAB89D /* main.m */,
			);
			name = "Supporting Files";
			sourceTree = "<group>";
		};
/* End PBXGroup section */

/* Begin PBXNativeTarget section */
		C2830AF21F6787C900DAB89D /* KNHeadTensile */ = {
			isa = PBXNativeTarget;
			buildConfigurationList = C2830B0A1F6787CA00DAB89D /* Build configuration list for PBXNativeTarget "KNHeadTensile" */;
			buildPhases = (
				C2830AEF1F6787C900DAB89D /* Sources */,
				C2830AF01F6787C900DAB89D /* Frameworks */,
				C2830AF11F6787C900DAB89D /* Resources */,
			);
			buildRules = (
			);
			dependencies = (
			);
			name = KNHeadTensile;
			productName = KNHeadTensile;
			productReference = C2830AF31F6787CA00DAB89D /* KNHeadTensile.app */;
			productType = "com.apple.product-type.application";
		};
/* End PBXNativeTarget section */

/* Begin PBXProject section */
		C2830AEB1F6787C900DAB89D /* Project object */ = {
			isa = PBXProject;
			attributes = {
				LastUpgradeCheck = 0830;
				ORGANIZATIONNAME = KrystalName;
				TargetAttributes = {
					C2830AF21F6787C900DAB89D = {
						CreatedOnToolsVersion = 8.3.3;
						DevelopmentTeam = VG6Q85865M;
						ProvisioningStyle = Automatic;
					};
				};
			};
			buildConfigurationList = C2830AEE1F6787C900DAB89D /* Build configuration list for PBXProject "KNHeadTensile" */;
			compatibilityVersion = "Xcode 3.2";
			developmentRegion = English;
			hasScannedForEncodings = 0;
			knownRegions = (
				en,
				Base,
			);
			mainGroup = C2830AEA1F6787C900DAB89D;
			productRefGroup = C2830AF41F6787CA00DAB89D /* Products */;
			projectDirPath = "";
			projectRoot = "";
			targets = (
				C2830AF21F6787C900DAB89D /* KNHeadTensile */,
			);
		};
/* End PBXProject section */

/* Begin PBXResourcesBuildPhase section */
		C2830AF11F6787C900DAB89D /* Resources */ = {
			isa = PBXResourcesBuildPhase;
			buildActionMask = 2147483647;
			files = (
				C2830B061F6787CA00DAB89D /* LaunchScreen.storyboard in Resources */,
				C2830B031F6787CA00DAB89D /* Assets.xcassets in Resources */,
				C2830B011F6787CA00DAB89D /* Main.storyboard in Resources */,
			);
			runOnlyForDeploymentPostprocessing = 0;
		};
/* End PBXResourcesBuildPhase section */

/* Begin PBXSourcesBuildPhase section */
		C2830AEF1F6787C900DAB89D /* Sources */ = {
			isa = PBXSourcesBuildPhase;
			buildActionMask = 2147483647;
			files = (
				C2830AFE1F6787CA00DAB89D /* ViewController.m in Sources */,
				C2830AFB1F6787CA00DAB89D /* AppDelegate.m in Sources */,
				C2830AF81F6787CA00DAB89D /* main.m in Sources */,
			);
			runOnlyForDeploymentPostprocessing = 0;
		};
/* End PBXSourcesBuildPhase section */

/* Begin PBXVariantGroup section */
		C2830AFF1F6787CA00DAB89D /* Main.storyboard */ = {
			isa = PBXVariantGroup;
			children = (
				C2830B001F6787CA00DAB89D /* Base */,
			);
			name = Main.storyboard;
			sourceTree = "<group>";
		};
		C2830B041F6787CA00DAB89D /* LaunchScreen.storyboard */ = {
			isa = PBXVariantGroup;
			children = (
				C2830B051F6787CA00DAB89D /* Base */,
			);
			name = LaunchScreen.storyboard;
			sourceTree = "<group>";
		};
/* End PBXVariantGroup section */

/* Begin XCBuildConfiguration section */
		C2830B081F6787CA00DAB89D /* Debug */ = {
			isa = XCBuildConfiguration;
			buildSettings = {
				ALWAYS_SEARCH_USER_PATHS = NO;
				CLANG_ANALYZER_NONNULL = YES;
				CLANG_ANALYZER_NUMBER_OBJECT_CONVERSION = YES_AGGRESSIVE;
				CLANG_CXX_LANGUAGE_STANDARD = "gnu++0x";
				CLANG_CXX_LIBRARY = "libc++";
				CLANG_ENABLE_MODULES = YES;
				CLANG_ENABLE_OBJC_ARC = YES;
				CLANG_WARN_BOOL_CONVERSION = YES;
				CLANG_WARN_CONSTANT_CONVERSION = YES;
				CLANG_WARN_DIRECT_OBJC_ISA_USAGE = YES_ERROR;
				CLANG_WARN_DOCUMENTATION_COMMENTS = YES;
				CLANG_WARN_EMPTY_BODY = YES;
				CLANG_WARN_ENUM_CONVERSION = YES;
				CLANG_WARN_INFINITE_RECURSION = YES;
				CLANG_WARN_INT_CONVERSION = YES;
				CLANG_WARN_OBJC_ROOT_CLASS = YES_ERROR;
				CLANG_WARN_SUSPICIOUS_MOVE = YES;
				CLANG_WARN_UNREACHABLE_CODE = YES;
				CLANG_WARN__DUPLICATE_METHOD_MATCH = YES;
				"CODE_SIGN_IDENTITY[sdk=iphoneos*]" = "iPhone Developer";
				COPY_PHASE_STRIP = NO;
				DEBUG_INFORMATION_FORMAT = dwarf;
				ENABLE_STRICT_OBJC_MSGSEND = YES;
				ENABLE_TESTABILITY = YES;
				GCC_C_LANGUAGE_STANDARD = gnu99;
				GCC_DYNAMIC_NO_PIC = NO;
				GCC_NO_COMMON_BLOCKS = YES;
				GCC_OPTIMIZATION_LEVEL = 0;
				GCC_PREPROCESSOR_DEFINITIONS = (
					"DEBUG=1",
					"$(inherited)",
				);
				GCC_WARN_64_TO_32_BIT_CONVERSION = YES;
				GCC_WARN_ABOUT_RETURN_TYPE = YES_ERROR;
				GCC_WARN_UNDECLARED_SELECTOR = YES;
				GCC_WARN_UNINITIALIZED_AUTOS = YES_AGGRESSIVE;
				GCC_WARN_UNUSED_FUNCTION = YES;
				GCC_WARN_UNUSED_VARIABLE = YES;
				IPHONEOS_DEPLOYMENT_TARGET = 10.3;
				MTL_ENABLE_DEBUG_INFO = YES;
				ONLY_ACTIVE_ARCH = YES;
				SDKROOT = iphoneos;
			};
			name = Debug;
		};
		C2830B091F6787CA00DAB89D /* Release */ = {
			isa = XCBuildConfiguration;
			buildSettings = {
				ALWAYS_SEARCH_USER_PATHS = NO;
				CLANG_ANALYZER_NONNULL = YES;
				CLANG_ANALYZER_NUMBER_OBJECT_CONVERSION = YES_AGGRESSIVE;
				CLANG_CXX_LANGUAGE_STANDARD = "gnu++0x";
				CLANG_CXX_LIBRARY = "libc++";
				CLANG_ENABLE_MODULES = YES;
				CLANG_ENABLE_OBJC_ARC = YES;
				CLANG_WARN_BOOL_CONVERSION = YES;
				CLANG_WARN_CONSTANT_CONVERSION = YES;
				CLANG_WARN_DIRECT_OBJC_ISA_USAGE = YES_ERROR;
				CLANG_WARN_DOCUMENTATION_COMMENTS = YES;
				CLANG_WARN_EMPTY_BODY = YES;
				CLANG_WARN_ENUM_CONVERSION = YES;
				CLANG_WARN_INFINITE_RECURSION = YES;
				CLANG_WARN_INT_CONVERSION = YES;
				CLANG_WARN_OBJC_ROOT_CLASS = YES_ERROR;
				CLANG_WARN_SUSPICIOUS_MOVE = YES;
				CLANG_WARN_UNREACHABLE_CODE = YES;
				CLANG_WARN__DUPLICATE_METHOD_MATCH = YES;
				"CODE_SIGN_IDENTITY[sdk=iphoneos*]" = "iPhone Developer";
				COPY_PHASE_STRIP = NO;
				DEBUG_INFORMATION_FORMAT = "dwarf-with-dsym";
				ENABLE_NS_ASSERTIONS = NO;
				ENABLE_STRICT_OBJC_MSGSEND = YES;
				GCC_C_LANGUAGE_STANDARD = gnu99;
				GCC_NO_COMMON_BLOCKS = YES;
				GCC_WARN_64_TO_32_BIT_CONVERSION = YES;
				GCC_WARN_ABOUT_RETURN_TYPE = YES_ERROR;
				GCC_WARN_UNDECLARED_SELECTOR = YES;
				GCC_WARN_UNINITIALIZED_AUTOS = YES_AGGRESSIVE;
				GCC_WARN_UNUSED_FUNCTION = YES;
				GCC_WARN_UNUSED_VARIABLE = YES;
				IPHONEOS_DEPLOYMENT_TARGET = 10.3;
				MTL_ENABLE_DEBUG_INFO = NO;
				SDKROOT = iphoneos;
				VALIDATE_PRODUCT = YES;
			};
			name = Release;
		};
		C2830B0B1F6787CA00DAB89D /* Debug */ = {
			isa = XCBuildConfiguration;
			buildSettings = {
				ASSETCATALOG_COMPILER_APPICON_NAME = AppIcon;
				DEVELOPMENT_TEAM = VG6Q85865M;
				INFOPLIST_FILE = KNHeadTensile/Info.plist;
				LD_RUNPATH_SEARCH_PATHS = "$(inherited) @executable_path/Frameworks";
				PRODUCT_BUNDLE_IDENTIFIER = LeessangDer.KNHeadTensile;
				PRODUCT_NAME = "$(TARGET_NAME)";
			};
			name = Debug;
		};
		C2830B0C1F6787CA00DAB89D /* Release */ = {
			isa = XCBuildConfiguration;
			buildSettings = {
				ASSETCATALOG_COMPILER_APPICON_NAME = AppIcon;
				DEVELOPMENT_TEAM = VG6Q85865M;
				INFOPLIST_FILE = KNHeadTensile/Info.plist;
				LD_RUNPATH_SEARCH_PATHS = "$(inherited) @executable_path/Frameworks";
				PRODUCT_BUNDLE_IDENTIFIER = LeessangDer.KNHeadTensile;
				PRODUCT_NAME = "$(TARGET_NAME)";
			};
			name = Release;
		};
/* End XCBuildConfiguration section */

/* Begin XCConfigurationList section */
		C2830AEE1F6787C900DAB89D /* Build configuration list for PBXProject "KNHeadTensile" */ = {
			isa = XCConfigurationList;
			buildConfigurations = (
				C2830B081F6787CA00DAB89D /* Debug */,
				C2830B091F6787CA00DAB89D /* Release */,
			);
			defaultConfigurationIsVisible = 0;
			defaultConfigurationName = Release;
		};
		C2830B0A1F6787CA00DAB89D /* Build configuration list for PBXNativeTarget "KNHeadTensile" */ = {
			isa = XCConfigurationList;
			buildConfigurations = (
				C2830B0B1F6787CA00DAB89D /* Debug */,
				C2830B0C1F6787CA00DAB89D /* Release */,
			);
			defaultConfigurationIsVisible = 0;
		};
/* End XCConfigurationList section */
	};
	rootObject = C2830AEB1F6787C900DAB89D /* Project object */;
}
